// !$*UTF8*$!
{
	archiveVersion = 1;
	classes = {
	};
	objectVersion = 46;
	objects = {

/* Begin PBXBuildFile section */
		390F4A691B5AC1E10014858D /* CZKWatchLikeView.swift in Sources */ = {isa = PBXBuildFile; fileRef = 390F4A681B5AC1E10014858D /* CZKWatchLikeView.swift */; };
		398F39471B5AC05600FE5213 /* AppDelegate.swift in Sources */ = {isa = PBXBuildFile; fileRef = 398F39461B5AC05600FE5213 /* AppDelegate.swift */; };
		398F39491B5AC05600FE5213 /* ViewController.swift in Sources */ = {isa = PBXBuildFile; fileRef = 398F39481B5AC05600FE5213 /* ViewController.swift */; };
		398F394C1B5AC05600FE5213 /* Main.storyboard in Resources */ = {isa = PBXBuildFile; fileRef = 398F394A1B5AC05600FE5213 /* Main.storyboard */; };
		398F394E1B5AC05700FE5213 /* Assets.xcassets in Resources */ = {isa = PBXBuildFile; fileRef = 398F394D1B5AC05700FE5213 /* Assets.xcassets */; };
		398F39511B5AC05700FE5213 /* LaunchScreen.storyboard in Resources */ = {isa = PBXBuildFile; fileRef = 398F394F1B5AC05700FE5213 /* LaunchScreen.storyboard */; };
/* End PBXBuildFile section */

/* Begin PBXFileReference section */
		390F4A681B5AC1E10014858D /* CZKWatchLikeView.swift */ = {isa = PBXFileReference; fileEncoding = 4; lastKnownFileType = sourcecode.swift; path = CZKWatchLikeView.swift; sourceTree = "<group>"; };
		398F39431B5AC05600FE5213 /* CZKWatchLikeViewExample.app */ = {isa = PBXFileReference; explicitFileType = wrapper.application; includeInIndex = 0; path = CZKWatchLikeViewExample.app; sourceTree = BUILT_PRODUCTS_DIR; };
		398F39461B5AC05600FE5213 /* AppDelegate.swift */ = {isa = PBXFileReference; lastKnownFileType = sourcecode.swift; path = AppDelegate.swift; sourceTree = "<group>"; };
		398F39481B5AC05600FE5213 /* ViewController.swift */ = {isa = PBXFileReference; lastKnownFileType = sourcecode.swift; path = ViewController.swift; sourceTree = "<group>"; };
		398F394B1B5AC05600FE5213 /* Base */ = {isa = PBXFileReference; lastKnownFileType = file.storyboard; name = Base; path = Base.lproj/Main.storyboard; sourceTree = "<group>"; };
		398F394D1B5AC05700FE5213 /* Assets.xcassets */ = {isa = PBXFileReference; lastKnownFileType = folder.assetcatalog; path = Assets.xcassets; sourceTree = "<group>"; };
		398F39501B5AC05700FE5213 /* Base */ = {isa = PBXFileReference; lastKnownFileType = file.storyboard; name = Base; path = Base.lproj/LaunchScreen.storyboard; sourceTree = "<group>"; };
		398F39521B5AC05700FE5213 /* Info.plist */ = {isa = PBXFileReference; lastKnownFileType = text.plist.xml; path = Info.plist; sourceTree = "<group>"; };
/* End PBXFileReference section */

/* Begin PBXFrameworksBuildPhase section */
		398F39401B5AC05600FE5213 /* Frameworks */ = {
			isa = PBXFrameworksBuildPhase;
			buildActionMask = 2147483647;
			files = (
			);
			runOnlyForDeploymentPostprocessing = 0;
		};
/* End PBXFrameworksBuildPhase section */

/* Begin PBXGroup section */
		398F393A1B5AC05500FE5213 = {
			isa = PBXGroup;
			children = (
				390F4A681B5AC1E10014858D /* CZKWatchLikeView.swift */,
				398F39451B5AC05600FE5213 /* CZKWatchLikeViewExample */,
				398F39441B5AC05600FE5213 /* Products */,
			);
			sourceTree = "<group>";
		};
		398F39441B5AC05600FE5213 /* Products */ = {
			isa = PBXGroup;
			children = (
				398F39431B5AC05600FE5213 /* CZKWatchLikeViewExample.app */,
			);
			name = Products;
			sourceTree = "<group>";
		};
		398F39451B5AC05600FE5213 /* CZKWatchLikeViewExample */ = {
			isa = PBXGroup;
			children = (
				398F39461B5AC05600FE5213 /* AppDelegate.swift */,
				398F39481B5AC05600FE5213 /* ViewController.swift */,
				398F394A1B5AC05600FE5213 /* Main.storyboard */,
				398F394D1B5AC05700FE5213 /* Assets.xcassets */,
				398F394F1B5AC05700FE5213 /* LaunchScreen.storyboard */,
				398F39521B5AC05700FE5213 /* Info.plist */,
			);
			path = CZKWatchLikeViewExample;
			sourceTree = "<group>";
		};
/* End PBXGroup section */

/* Begin PBXNativeTarget section */
		398F39421B5AC05600FE5213 /* CZKWatchLikeViewExample */ = {
			isa = PBXNativeTarget;
			buildConfigurationList = 398F39551B5AC05700FE5213 /* Build configuration list for PBXNativeTarget "CZKWatchLikeViewExample" */;
			buildPhases = (
				398F393F1B5AC05600FE5213 /* Sources */,
				398F39401B5AC05600FE5213 /* Frameworks */,
				398F39411B5AC05600FE5213 /* Resources */,
			);
			buildRules = (
			);
			dependencies = (
			);
			name = CZKWatchLikeViewExample;
			productName = CZKWatchLikeViewExample;
			productReference = 398F39431B5AC05600FE5213 /* CZKWatchLikeViewExample.app */;
			productType = "com.apple.product-type.application";
		};
/* End PBXNativeTarget section */

/* Begin PBXProject section */
		398F393B1B5AC05500FE5213 /* Project object */ = {
			isa = PBXProject;
			attributes = {
				LastUpgradeCheck = 0700;
				ORGANIZATIONNAME = "Cecilio C. Tamarit";
				TargetAttributes = {
					398F39421B5AC05600FE5213 = {
						CreatedOnToolsVersion = 7.0;
					};
				};
			};
			buildConfigurationList = 398F393E1B5AC05500FE5213 /* Build configuration list for PBXProject "CZKWatchLikeViewExample" */;
			compatibilityVersion = "Xcode 3.2";
			developmentRegion = English;
			hasScannedForEncodings = 0;
			knownRegions = (
				en,
				Base,
			);
			mainGroup = 398F393A1B5AC05500FE5213;
			productRefGroup = 398F39441B5AC05600FE5213 /* Products */;
			projectDirPath = "";
			projectRoot = "";
			targets = (
				398F39421B5AC05600FE5213 /* CZKWatchLikeViewExample */,
			);
		};
/* End PBXProject section */

/* Begin PBXResourcesBuildPhase section */
		398F39411B5AC05600FE5213 /* Resources */ = {
			isa = PBXResourcesBuildPhase;
			buildActionMask = 2147483647;
			files = (
				398F39511B5AC05700FE5213 /* LaunchScreen.storyboard in Resources */,
				398F394E1B5AC05700FE5213 /* Assets.xcassets in Resources */,
				398F394C1B5AC05600FE5213 /* Main.storyboard in Resources */,
			);
			runOnlyForDeploymentPostprocessing = 0;
		};
/* End PBXResourcesBuildPhase section */

/* Begin PBXSourcesBuildPhase section */
		398F393F1B5AC05600FE5213 /* Sources */ = {
			isa = PBXSourcesBuildPhase;
			buildActionMask = 2147483647;
			files = (
				398F39491B5AC05600FE5213 /* ViewController.swift in Sources */,
				398F39471B5AC05600FE5213 /* AppDelegate.swift in Sources */,
				390F4A691B5AC1E10014858D /* CZKWatchLikeView.swift in Sources */,
			);
			runOnlyForDeploymentPostprocessing = 0;
		};
/* End PBXSourcesBuildPhase section */

/* Begin PBXVariantGroup section */
		398F394A1B5AC05600FE5213 /* Main.storyboard */ = {
			isa = PBXVariantGroup;
			children = (
				398F394B1B5AC05600FE5213 /* Base */,
			);
			name = Main.storyboard;
			sourceTree = "<group>";
		};
		398F394F1B5AC05700FE5213 /* LaunchScreen.storyboard */ = {
			isa = PBXVariantGroup;
			children = (
				398F39501B5AC05700FE5213 /* Base */,
			);
			name = LaunchScreen.storyboard;
			sourceTree = "<group>";
		};
/* End PBXVariantGroup section */

/* Begin XCBuildConfiguration section */
		398F39531B5AC05700FE5213 /* Debug */ = {
			isa = XCBuildConfiguration;
			buildSettings = {
				ALWAYS_SEARCH_USER_PATHS = NO;
				CLANG_CXX_LANGUAGE_STANDARD = "gnu++0x";
				CLANG_CXX_LIBRARY = "libc++";
				CLANG_ENABLE_MODULES = YES;
				CLANG_ENABLE_OBJC_ARC = YES;
				CLANG_WARN_BOOL_CONVERSION = YES;
				CLANG_WARN_CONSTANT_CONVERSION = YES;
				CLANG_WARN_DIRECT_OBJC_ISA_USAGE = YES_ERROR;
				CLANG_WARN_EMPTY_BODY = YES;
				CLANG_WARN_ENUM_CONVERSION = YES;
				CLANG_WARN_INT_CONVERSION = YES;
				CLANG_WARN_OBJC_ROOT_CLASS = YES_ERROR;
				CLANG_WARN_UNREACHABLE_CODE = YES;
				CLANG_WARN__DUPLICATE_METHOD_MATCH = YES;
				"CODE_SIGN_IDENTITY[sdk=iphoneos*]" = "iPhone Developer";
				COPY_PHASE_STRIP = NO;
				DEBUG_INFORMATION_FORMAT = dwarf;
				ENABLE_STRICT_OBJC_MSGSEND = YES;
				ENABLE_TESTABILITY = YES;
				GCC_C_LANGUAGE_STANDARD = gnu99;
				GCC_DYNAMIC_NO_PIC = NO;
				GCC_NO_COMMON_BLOCKS = YES;
				GCC_OPTIMIZATION_LEVEL = 0;
				GCC_PREPROCESSOR_DEFINITIONS = (
					"DEBUG=1",
					"$(inherited)",
				);
				GCC_WARN_64_TO_32_BIT_CONVERSION = YES;
				GCC_WARN_ABOUT_RETURN_TYPE = YES_ERROR;
				GCC_WARN_UNDECLARED_SELECTOR = YES;
				GCC_WARN_UNINITIALIZED_AUTOS = YES_AGGRESSIVE;
				GCC_WARN_UNUSED_FUNCTION = YES;
				GCC_WARN_UNUSED_VARIABLE = YES;
				IPHONEOS_DEPLOYMENT_TARGET = 9.0;
				MTL_ENABLE_DEBUG_INFO = YES;
				ONLY_ACTIVE_ARCH = YES;
				SDKROOT = iphoneos;
				SWIFT_OPTIMIZATION_LEVEL = "-Onone";
			};
			name = Debug;
		};
		398F39541B5AC05700FE5213 /* Release */ = {
			isa = XCBuildConfiguration;
			buildSettings = {
				ALWAYS_SEARCH_USER_PATHS = NO;
				CLANG_CXX_LANGUAGE_STANDARD = "gnu++0x";
				CLANG_CXX_LIBRARY = "libc++";
				CLANG_ENABLE_MODULES = YES;
				CLANG_ENABLE_OBJC_ARC = YES;
				CLANG_WARN_BOOL_CONVERSION = YES;
				CLANG_WARN_CONSTANT_CONVERSION = YES;
				CLANG_WARN_DIRECT_OBJC_ISA_USAGE = YES_ERROR;
				CLANG_WARN_EMPTY_BODY = YES;
				CLANG_WARN_ENUM_CONVERSION = YES;
				CLANG_WARN_INT_CONVERSION = YES;
				CLANG_WARN_OBJC_ROOT_CLASS = YES_ERROR;
				CLANG_WARN_UNREACHABLE_CODE = YES;
				CLANG_WARN__DUPLICATE_METHOD_MATCH = YES;
				"CODE_SIGN_IDENTITY[sdk=iphoneos*]" = "iPhone Developer";
				COPY_PHASE_STRIP = NO;
				DEBUG_INFORMATION_FORMAT = "dwarf-with-dsym";
				ENABLE_NS_ASSERTIONS = NO;
				ENABLE_STRICT_OBJC_MSGSEND = YES;
				GCC_C_LANGUAGE_STANDARD = gnu99;
				GCC_NO_COMMON_BLOCKS = YES;
				GCC_WARN_64_TO_32_BIT_CONVERSION = YES;
				GCC_WARN_ABOUT_RETURN_TYPE = YES_ERROR;
				GCC_WARN_UNDECLARED_SELECTOR = YES;
				GCC_WARN_UNINITIALIZED_AUTOS = YES_AGGRESSIVE;
				GCC_WARN_UNUSED_FUNCTION = YES;
				GCC_WARN_UNUSED_VARIABLE = YES;
				IPHONEOS_DEPLOYMENT_TARGET = 9.0;
				MTL_ENABLE_DEBUG_INFO = NO;
				SDKROOT = iphoneos;
				VALIDATE_PRODUCT = YES;
			};
			name = Release;
		};
		398F39561B5AC05700FE5213 /* Debug */ = {
			isa = XCBuildConfiguration;
			buildSettings = {
				ASSETCATALOG_COMPILER_APPICON_NAME = AppIcon;
				INFOPLIST_FILE = CZKWatchLikeViewExample/Info.plist;
				IPHONEOS_DEPLOYMENT_TARGET = 7.0;
				LD_RUNPATH_SEARCH_PATHS = "$(inherited) @executable_path/Frameworks";
				PRODUCT_BUNDLE_IDENTIFIER = cecetaca.CZKWatchLikeViewExample;
				PRODUCT_NAME = "$(TARGET_NAME)";
			};
			name = Debug;
		};
		398F39571B5AC05700FE5213 /* Release */ = {
			isa = XCBuildConfiguration;
			buildSettings = {
				ASSETCATALOG_COMPILER_APPICON_NAME = AppIcon;
				INFOPLIST_FILE = CZKWatchLikeViewExample/Info.plist;
				IPHONEOS_DEPLOYMENT_TARGET = 7.0;
				LD_RUNPATH_SEARCH_PATHS = "$(inherited) @executable_path/Frameworks";
				PRODUCT_BUNDLE_IDENTIFIER = cecetaca.CZKWatchLikeViewExample;
				PRODUCT_NAME = "$(TARGET_NAME)";
			};
			name = Release;
		};
/* End XCBuildConfiguration section */

/* Begin XCConfigurationList section */
		398F393E1B5AC05500FE5213 /* Build configuration list for PBXProject "CZKWatchLikeViewExample" */ = {
			isa = XCConfigurationList;
			buildConfigurations = (
				398F39531B5AC05700FE5213 /* Debug */,
				398F39541B5AC05700FE5213 /* Release */,
			);
			defaultConfigurationIsVisible = 0;
			defaultConfigurationName = Release;
		};
		398F39551B5AC05700FE5213 /* Build configuration list for PBXNativeTarget "CZKWatchLikeViewExample" */ = {
			isa = XCConfigurationList;
			buildConfigurations = (
				398F39561B5AC05700FE5213 /* Debug */,
				398F39571B5AC05700FE5213 /* Release */,
			);
			defaultConfigurationIsVisible = 0;
			defaultConfigurationName = Release;
		};
/* End XCConfigurationList section */
	};
	rootObject = 398F393B1B5AC05500FE5213 /* Project object */;
}
